# This file is automatically @generated by Poetry 2.1.4 and should not be changed by hand.

[[package]]
name = "astroid"
version = "3.3.11"
description = "An abstract syntax tree for Python with inference support."
optional = false
python-versions = ">=3.9.0"
groups = ["dev"]
files = [
    {file = "astroid-3.3.11-py3-none-any.whl", hash = "sha256:54c760ae8322ece1abd213057c4b5bba7c49818853fc901ef09719a60dbf9dec"},
    {file = "astroid-3.3.11.tar.gz", hash = "sha256:1e5a5011af2920c7c67a53f65d536d65bfa7116feeaf2354d8b94f29573bb0ce"},
]

[[package]]
name = "black"
version = "25.1.0"
description = "The uncompromising code formatter."
optional = false
python-versions = ">=3.9"
groups = ["dev"]
files = [
    {file = "black-25.1.0-cp310-cp310-macosx_10_9_x86_64.whl", hash = "sha256:759e7ec1e050a15f89b770cefbf91ebee8917aac5c20483bc2d80a6c3a04df32"},
    {file = "black-25.1.0-cp310-cp310-macosx_11_0_arm64.whl", hash = "sha256:0e519ecf93120f34243e6b0054db49c00a35f84f195d5bce7e9f5cfc578fc2da"},
    {file = "black-25.1.0-cp310-cp310-manylinux_2_17_x86_64.manylinux2014_x86_64.manylinux_2_28_x86_64.whl", hash = "sha256:055e59b198df7ac0b7efca5ad7ff2516bca343276c466be72eb04a3bcc1f82d7"},
    {file = "black-25.1.0-cp310-cp310-win_amd64.whl", hash = "sha256:db8ea9917d6f8fc62abd90d944920d95e73c83a5ee3383493e35d271aca872e9"},
    {file = "black-25.1.0-cp311-cp311-macosx_10_9_x86_64.whl", hash = "sha256:a39337598244de4bae26475f77dda852ea00a93bd4c728e09eacd827ec929df0"},
    {file = "black-25.1.0-cp311-cp311-macosx_11_0_arm64.whl", hash = "sha256:96c1c7cd856bba8e20094e36e0f948718dc688dba4a9d78c3adde52b9e6c2299"},
    {file = "black-25.1.0-cp311-cp311-manylinux_2_17_x86_64.manylinux2014_x86_64.manylinux_2_28_x86_64.whl", hash = "sha256:bce2e264d59c91e52d8000d507eb20a9aca4a778731a08cfff7e5ac4a4bb7096"},
    {file = "black-25.1.0-cp311-cp311-win_amd64.whl", hash = "sha256:172b1dbff09f86ce6f4eb8edf9dede08b1fce58ba194c87d7a4f1a5aa2f5b3c2"},
    {file = "black-25.1.0-cp312-cp312-macosx_10_13_x86_64.whl", hash = "sha256:4b60580e829091e6f9238c848ea6750efed72140b91b048770b64e74fe04908b"},
    {file = "black-25.1.0-cp312-cp312-macosx_11_0_arm64.whl", hash = "sha256:1e2978f6df243b155ef5fa7e558a43037c3079093ed5d10fd84c43900f2d8ecc"},
    {file = "black-25.1.0-cp312-cp312-manylinux_2_17_x86_64.manylinux2014_x86_64.manylinux_2_28_x86_64.whl", hash = "sha256:3b48735872ec535027d979e8dcb20bf4f70b5ac75a8ea99f127c106a7d7aba9f"},
    {file = "black-25.1.0-cp312-cp312-win_amd64.whl", hash = "sha256:ea0213189960bda9cf99be5b8c8ce66bb054af5e9e861249cd23471bd7b0b3ba"},
    {file = "black-25.1.0-cp313-cp313-macosx_10_13_x86_64.whl", hash = "sha256:8f0b18a02996a836cc9c9c78e5babec10930862827b1b724ddfe98ccf2f2fe4f"},
    {file = "black-25.1.0-cp313-cp313-macosx_11_0_arm64.whl", hash = "sha256:afebb7098bfbc70037a053b91ae8437c3857482d3a690fefc03e9ff7aa9a5fd3"},
    {file = "black-25.1.0-cp313-cp313-manylinux_2_17_x86_64.manylinux2014_x86_64.manylinux_2_28_x86_64.whl", hash = "sha256:030b9759066a4ee5e5aca28c3c77f9c64789cdd4de8ac1df642c40b708be6171"},
    {file = "black-25.1.0-cp313-cp313-win_amd64.whl", hash = "sha256:a22f402b410566e2d1c950708c77ebf5ebd5d0d88a6a2e87c86d9fb48afa0d18"},
    {file = "black-25.1.0-cp39-cp39-macosx_10_9_x86_64.whl", hash = "sha256:a1ee0a0c330f7b5130ce0caed9936a904793576ef4d2b98c40835d6a65afa6a0"},
    {file = "black-25.1.0-cp39-cp39-macosx_11_0_arm64.whl", hash = "sha256:f3df5f1bf91d36002b0a75389ca8663510cf0531cca8aa5c1ef695b46d98655f"},
    {file = "black-25.1.0-cp39-cp39-manylinux_2_17_x86_64.manylinux2014_x86_64.manylinux_2_28_x86_64.whl", hash = "sha256:d9e6827d563a2c820772b32ce8a42828dc6790f095f441beef18f96aa6f8294e"},
    {file = "black-25.1.0-cp39-cp39-win_amd64.whl", hash = "sha256:bacabb307dca5ebaf9c118d2d2f6903da0d62c9faa82bd21a33eecc319559355"},
    {file = "black-25.1.0-py3-none-any.whl", hash = "sha256:95e8176dae143ba9097f351d174fdaf0ccd29efb414b362ae3fd72bf0f710717"},
    {file = "black-25.1.0.tar.gz", hash = "sha256:33496d5cd1222ad73391352b4ae8da15253c5de89b93a80b3e2c8d9a19ec2666"},
]

[package.dependencies]
click = ">=8.0.0"
mypy-extensions = ">=0.4.3"
packaging = ">=22.0"
pathspec = ">=0.9.0"
platformdirs = ">=2"

[package.extras]
colorama = ["colorama (>=0.4.3)"]
d = ["aiohttp (>=3.10)"]
jupyter = ["ipython (>=7.8.0)", "tokenize-rt (>=3.2.0)"]
uvloop = ["uvloop (>=0.15.2)"]

[[package]]
name = "click"
version = "8.2.1"
description = "Composable command line interface toolkit"
optional = false
python-versions = ">=3.10"
groups = ["dev"]
files = [
    {file = "click-8.2.1-py3-none-any.whl", hash = "sha256:61a3265b914e850b85317d0b3109c7f8cd35a670f963866005d6ef1d5175a12b"},
    {file = "click-8.2.1.tar.gz", hash = "sha256:27c491cc05d968d271d5a1db13e3b5a184636d9d930f148c50b038f0d0646202"},
]

[package.dependencies]
colorama = {version = "*", markers = "platform_system == \"Windows\""}

[[package]]
name = "colorama"
version = "0.4.6"
description = "Cross-platform colored terminal text."
optional = false
python-versions = "!=3.0.*,!=3.1.*,!=3.2.*,!=3.3.*,!=3.4.*,!=3.5.*,!=3.6.*,>=2.7"
groups = ["dev"]
markers = "sys_platform == \"win32\" or platform_system == \"Windows\""
files = [
    {file = "colorama-0.4.6-py2.py3-none-any.whl", hash = "sha256:4f1d9991f5acc0ca119f9d443620b77f9d6b33703e51011c16baf57afb285fc6"},
    {file = "colorama-0.4.6.tar.gz", hash = "sha256:08695f5cb7ed6e0531a20572697297273c47b8cae5a63ffc6d6ed5c201be6e44"},
]

[[package]]
name = "coverage"
version = "7.10.4"
description = "Code coverage measurement for Python"
optional = false
python-versions = ">=3.9"
groups = ["dev"]
files = [
    {file = "coverage-7.10.4-cp310-cp310-macosx_10_9_x86_64.whl", hash = "sha256:d92d6edb0ccafd20c6fbf9891ca720b39c2a6a4b4a6f9cf323ca2c986f33e475"},
    {file = "coverage-7.10.4-cp310-cp310-macosx_11_0_arm64.whl", hash = "sha256:7202da14dc0236884fcc45665ffb2d79d4991a53fbdf152ab22f69f70923cc22"},
    {file = "coverage-7.10.4-cp310-cp310-manylinux1_i686.manylinux_2_28_i686.manylinux_2_5_i686.whl", hash = "sha256:ada418633ae24ec8d0fcad5efe6fc7aa3c62497c6ed86589e57844ad04365674"},
    {file = "coverage-7.10.4-cp310-cp310-manylinux1_x86_64.manylinux_2_28_x86_64.manylinux_2_5_x86_64.whl", hash = "sha256:b828e33eca6c3322adda3b5884456f98c435182a44917ded05005adfa1415500"},
    {file = "coverage-7.10.4-cp310-cp310-manylinux2014_aarch64.manylinux_2_17_aarch64.manylinux_2_28_aarch64.whl", hash = "sha256:802793ba397afcfdbe9f91f89d65ae88b958d95edc8caf948e1f47d8b6b2b606"},
    {file = "coverage-7.10.4-cp310-cp310-musllinux_1_2_aarch64.whl", hash = "sha256:d0b23512338c54101d3bf7a1ab107d9d75abda1d5f69bc0887fd079253e4c27e"},
    {file = "coverage-7.10.4-cp310-cp310-musllinux_1_2_i686.whl", hash = "sha256:f36b7dcf72d06a8c5e2dd3aca02be2b1b5db5f86404627dff834396efce958f2"},
    {file = "coverage-7.10.4-cp310-cp310-musllinux_1_2_x86_64.whl", hash = "sha256:fce316c367a1dc2c411821365592eeb335ff1781956d87a0410eae248188ba51"},
    {file = "coverage-7.10.4-cp310-cp310-win32.whl", hash = "sha256:8c5dab29fc8070b3766b5fc85f8d89b19634584429a2da6d42da5edfadaf32ae"},
    {file = "coverage-7.10.4-cp310-cp310-win_amd64.whl", hash = "sha256:4b0d114616f0fccb529a1817457d5fb52a10e106f86c5fb3b0bd0d45d0d69b93"},
    {file = "coverage-7.10.4-cp311-cp311-macosx_10_9_x86_64.whl", hash = "sha256:05d5f98ec893d4a2abc8bc5f046f2f4367404e7e5d5d18b83de8fde1093ebc4f"},
    {file = "coverage-7.10.4-cp311-cp311-macosx_11_0_arm64.whl", hash = "sha256:9267efd28f8994b750d171e58e481e3bbd69e44baed540e4c789f8e368b24b88"},
    {file = "coverage-7.10.4-cp311-cp311-manylinux1_i686.manylinux_2_28_i686.manylinux_2_5_i686.whl", hash = "sha256:4456a039fdc1a89ea60823d0330f1ac6f97b0dbe9e2b6fb4873e889584b085fb"},
    {file = "coverage-7.10.4-cp311-cp311-manylinux1_x86_64.manylinux_2_28_x86_64.manylinux_2_5_x86_64.whl", hash = "sha256:c2bfbd2a9f7e68a21c5bd191be94bfdb2691ac40d325bac9ef3ae45ff5c753d9"},
    {file = "coverage-7.10.4-cp311-cp311-manylinux2014_aarch64.manylinux_2_17_aarch64.manylinux_2_28_aarch64.whl", hash = "sha256:0ab7765f10ae1df7e7fe37de9e64b5a269b812ee22e2da3f84f97b1c7732a0d8"},
    {file = "coverage-7.10.4-cp311-cp311-musllinux_1_2_aarch64.whl", hash = "sha256:0a09b13695166236e171ec1627ff8434b9a9bae47528d0ba9d944c912d33b3d2"},
    {file = "coverage-7.10.4-cp311-cp311-musllinux_1_2_i686.whl", hash = "sha256:5c9e75dfdc0167d5675e9804f04a56b2cf47fb83a524654297000b578b8adcb7"},
    {file = "coverage-7.10.4-cp311-cp311-musllinux_1_2_x86_64.whl", hash = "sha256:c751261bfe6481caba15ec005a194cb60aad06f29235a74c24f18546d8377df0"},
    {file = "coverage-7.10.4-cp311-cp311-win32.whl", hash = "sha256:051c7c9e765f003c2ff6e8c81ccea28a70fb5b0142671e4e3ede7cebd45c80af"},
    {file = "coverage-7.10.4-cp311-cp311-win_amd64.whl", hash = "sha256:1a647b152f10be08fb771ae4a1421dbff66141e3d8ab27d543b5eb9ea5af8e52"},
    {file = "coverage-7.10.4-cp311-cp311-win_arm64.whl", hash = "sha256:b09b9e4e1de0d406ca9f19a371c2beefe3193b542f64a6dd40cfcf435b7d6aa0"},
    {file = "coverage-7.10.4-cp312-cp312-macosx_10_13_x86_64.whl", hash = "sha256:a1f0264abcabd4853d4cb9b3d164adbf1565da7dab1da1669e93f3ea60162d79"},
    {file = "coverage-7.10.4-cp312-cp312-macosx_11_0_arm64.whl", hash = "sha256:536cbe6b118a4df231b11af3e0f974a72a095182ff8ec5f4868c931e8043ef3e"},
    {file = "coverage-7.10.4-cp312-cp312-manylinux1_i686.manylinux_2_28_i686.manylinux_2_5_i686.whl", hash = "sha256:9a4c0d84134797b7bf3f080599d0cd501471f6c98b715405166860d79cfaa97e"},
    {file = "coverage-7.10.4-cp312-cp312-manylinux1_x86_64.manylinux_2_28_x86_64.manylinux_2_5_x86_64.whl", hash = "sha256:7c155fc0f9cee8c9803ea0ad153ab6a3b956baa5d4cd993405dc0b45b2a0b9e0"},
    {file = "coverage-7.10.4-cp312-cp312-manylinux2014_aarch64.manylinux_2_17_aarch64.manylinux_2_28_aarch64.whl", hash = "sha256:0a5f2ab6e451d4b07855d8bcf063adf11e199bff421a4ba57f5bb95b7444ca62"},
    {file = "coverage-7.10.4-cp312-cp312-musllinux_1_2_aarch64.whl", hash = "sha256:685b67d99b945b0c221be0780c336b303a7753b3e0ec0d618c795aada25d5e7a"},
    {file = "coverage-7.10.4-cp312-cp312-musllinux_1_2_i686.whl", hash = "sha256:0c079027e50c2ae44da51c2e294596cbc9dbb58f7ca45b30651c7e411060fc23"},
    {file = "coverage-7.10.4-cp312-cp312-musllinux_1_2_x86_64.whl", hash = "sha256:3749aa72b93ce516f77cf5034d8e3c0dfd45c6e8a163a602ede2dc5f9a0bb927"},
    {file = "coverage-7.10.4-cp312-cp312-win32.whl", hash = "sha256:fecb97b3a52fa9bcd5a7375e72fae209088faf671d39fae67261f37772d5559a"},
    {file = "coverage-7.10.4-cp312-cp312-win_amd64.whl", hash = "sha256:26de58f355626628a21fe6a70e1e1fad95702dafebfb0685280962ae1449f17b"},
    {file = "coverage-7.10.4-cp312-cp312-win_arm64.whl", hash = "sha256:67e8885408f8325198862bc487038a4980c9277d753cb8812510927f2176437a"},
    {file = "coverage-7.10.4-cp313-cp313-macosx_10_13_x86_64.whl", hash = "sha256:2b8e1d2015d5dfdbf964ecef12944c0c8c55b885bb5c0467ae8ef55e0e151233"},
    {file = "coverage-7.10.4-cp313-cp313-macosx_11_0_arm64.whl", hash = "sha256:25735c299439018d66eb2dccf54f625aceb78645687a05f9f848f6e6c751e169"},
    {file = "coverage-7.10.4-cp313-cp313-manylinux1_i686.manylinux_2_28_i686.manylinux_2_5_i686.whl", hash = "sha256:715c06cb5eceac4d9b7cdf783ce04aa495f6aff657543fea75c30215b28ddb74"},
    {file = "coverage-7.10.4-cp313-cp313-manylinux1_x86_64.manylinux_2_28_x86_64.manylinux_2_5_x86_64.whl", hash = "sha256:e017ac69fac9aacd7df6dc464c05833e834dc5b00c914d7af9a5249fcccf07ef"},
    {file = "coverage-7.10.4-cp313-cp313-manylinux2014_aarch64.manylinux_2_17_aarch64.manylinux_2_28_aarch64.whl", hash = "sha256:bad180cc40b3fccb0f0e8c702d781492654ac2580d468e3ffc8065e38c6c2408"},
    {file = "coverage-7.10.4-cp313-cp313-musllinux_1_2_aarch64.whl", hash = "sha256:becbdcd14f685fada010a5f792bf0895675ecf7481304fe159f0cd3f289550bd"},
    {file = "coverage-7.10.4-cp313-cp313-musllinux_1_2_i686.whl", hash = "sha256:0b485ca21e16a76f68060911f97ebbe3e0d891da1dbbce6af7ca1ab3f98b9097"},
    {file = "coverage-7.10.4-cp313-cp313-musllinux_1_2_x86_64.whl", hash = "sha256:6c1d098ccfe8e1e0a1ed9a0249138899948afd2978cbf48eb1cc3fcd38469690"},
    {file = "coverage-7.10.4-cp313-cp313-win32.whl", hash = "sha256:8630f8af2ca84b5c367c3df907b1706621abe06d6929f5045fd628968d421e6e"},
    {file = "coverage-7.10.4-cp313-cp313-win_amd64.whl", hash = "sha256:f68835d31c421736be367d32f179e14ca932978293fe1b4c7a6a49b555dff5b2"},
    {file = "coverage-7.10.4-cp313-cp313-win_arm64.whl", hash = "sha256:6eaa61ff6724ca7ebc5326d1fae062d85e19b38dd922d50903702e6078370ae7"},
    {file = "coverage-7.10.4-cp313-cp313t-macosx_10_13_x86_64.whl", hash = "sha256:702978108876bfb3d997604930b05fe769462cc3000150b0e607b7b444f2fd84"},
    {file = "coverage-7.10.4-cp313-cp313t-macosx_11_0_arm64.whl", hash = "sha256:e8f978e8c5521d9c8f2086ac60d931d583fab0a16f382f6eb89453fe998e2484"},
    {file = "coverage-7.10.4-cp313-cp313t-manylinux1_i686.manylinux_2_28_i686.manylinux_2_5_i686.whl", hash = "sha256:df0ac2ccfd19351411c45e43ab60932b74472e4648b0a9edf6a3b58846e246a9"},
    {file = "coverage-7.10.4-cp313-cp313t-manylinux1_x86_64.manylinux_2_28_x86_64.manylinux_2_5_x86_64.whl", hash = "sha256:73a0d1aaaa3796179f336448e1576a3de6fc95ff4f07c2d7251d4caf5d18cf8d"},
    {file = "coverage-7.10.4-cp313-cp313t-manylinux2014_aarch64.manylinux_2_17_aarch64.manylinux_2_28_aarch64.whl", hash = "sha256:873da6d0ed6b3ffc0bc01f2c7e3ad7e2023751c0d8d86c26fe7322c314b031dc"},
    {file = "coverage-7.10.4-cp313-cp313t-musllinux_1_2_aarch64.whl", hash = "sha256:c6446c75b0e7dda5daa876a1c87b480b2b52affb972fedd6c22edf1aaf2e00ec"},
    {file = "coverage-7.10.4-cp313-cp313t-musllinux_1_2_i686.whl", hash = "sha256:6e73933e296634e520390c44758d553d3b573b321608118363e52113790633b9"},
    {file = "coverage-7.10.4-cp313-cp313t-musllinux_1_2_x86_64.whl", hash = "sha256:52073d4b08d2cb571234c8a71eb32af3c6923149cf644a51d5957ac128cf6aa4"},
    {file = "coverage-7.10.4-cp313-cp313t-win32.whl", hash = "sha256:e24afb178f21f9ceb1aefbc73eb524769aa9b504a42b26857243f881af56880c"},
    {file = "coverage-7.10.4-cp313-cp313t-win_amd64.whl", hash = "sha256:be04507ff1ad206f4be3d156a674e3fb84bbb751ea1b23b142979ac9eebaa15f"},
    {file = "coverage-7.10.4-cp313-cp313t-win_arm64.whl", hash = "sha256:f3e3ff3f69d02b5dad67a6eac68cc9c71ae343b6328aae96e914f9f2f23a22e2"},
    {file = "coverage-7.10.4-cp314-cp314-macosx_10_13_x86_64.whl", hash = "sha256:a59fe0af7dd7211ba595cf7e2867458381f7e5d7b4cffe46274e0b2f5b9f4eb4"},
    {file = "coverage-7.10.4-cp314-cp314-macosx_11_0_arm64.whl", hash = "sha256:3a6c35c5b70f569ee38dc3350cd14fdd0347a8b389a18bb37538cc43e6f730e6"},
    {file = "coverage-7.10.4-cp314-cp314-manylinux1_i686.manylinux_2_28_i686.manylinux_2_5_i686.whl", hash = "sha256:acb7baf49f513554c4af6ef8e2bd6e8ac74e6ea0c7386df8b3eb586d82ccccc4"},
    {file = "coverage-7.10.4-cp314-cp314-manylinux1_x86_64.manylinux_2_28_x86_64.manylinux_2_5_x86_64.whl", hash = "sha256:a89afecec1ed12ac13ed203238b560cbfad3522bae37d91c102e690b8b1dc46c"},
    {file = "coverage-7.10.4-cp314-cp314-manylinux2014_aarch64.manylinux_2_17_aarch64.manylinux_2_28_aarch64.whl", hash = "sha256:480442727f464407d8ade6e677b7f21f3b96a9838ab541b9a28ce9e44123c14e"},
    {file = "coverage-7.10.4-cp314-cp314-musllinux_1_2_aarch64.whl", hash = "sha256:a89bf193707f4a17f1ed461504031074d87f035153239f16ce86dfb8f8c7ac76"},
    {file = "coverage-7.10.4-cp314-cp314-musllinux_1_2_i686.whl", hash = "sha256:3ddd912c2fc440f0fb3229e764feec85669d5d80a988ff1b336a27d73f63c818"},
    {file = "coverage-7.10.4-cp314-cp314-musllinux_1_2_x86_64.whl", hash = "sha256:8a538944ee3a42265e61c7298aeba9ea43f31c01271cf028f437a7b4075592cf"},
    {file = "coverage-7.10.4-cp314-cp314-win32.whl", hash = "sha256:fd2e6002be1c62476eb862b8514b1ba7e7684c50165f2a8d389e77da6c9a2ebd"},
    {file = "coverage-7.10.4-cp314-cp314-win_amd64.whl", hash = "sha256:ec113277f2b5cf188d95fb66a65c7431f2b9192ee7e6ec9b72b30bbfb53c244a"},
    {file = "coverage-7.10.4-cp314-cp314-win_arm64.whl", hash = "sha256:9744954bfd387796c6a091b50d55ca7cac3d08767795b5eec69ad0f7dbf12d38"},
    {file = "coverage-7.10.4-cp314-cp314t-macosx_10_13_x86_64.whl", hash = "sha256:5af4829904dda6aabb54a23879f0f4412094ba9ef153aaa464e3c1b1c9bc98e6"},
    {file = "coverage-7.10.4-cp314-cp314t-macosx_11_0_arm64.whl", hash = "sha256:7bba5ed85e034831fac761ae506c0644d24fd5594727e174b5a73aff343a7508"},
    {file = "coverage-7.10.4-cp314-cp314t-manylinux1_i686.manylinux_2_28_i686.manylinux_2_5_i686.whl", hash = "sha256:d57d555b0719834b55ad35045de6cc80fc2b28e05adb6b03c98479f9553b387f"},
    {file = "coverage-7.10.4-cp314-cp314t-manylinux1_x86_64.manylinux_2_28_x86_64.manylinux_2_5_x86_64.whl", hash = "sha256:ba62c51a72048bb1ea72db265e6bd8beaabf9809cd2125bbb5306c6ce105f214"},
    {file = "coverage-7.10.4-cp314-cp314t-manylinux2014_aarch64.manylinux_2_17_aarch64.manylinux_2_28_aarch64.whl", hash = "sha256:0acf0c62a6095f07e9db4ec365cc58c0ef5babb757e54745a1aa2ea2a2564af1"},
    {file = "coverage-7.10.4-cp314-cp314t-musllinux_1_2_aarch64.whl", hash = "sha256:e1033bf0f763f5cf49ffe6594314b11027dcc1073ac590b415ea93463466deec"},
    {file = "coverage-7.10.4-cp314-cp314t-musllinux_1_2_i686.whl", hash = "sha256:92c29eff894832b6a40da1789b1f252305af921750b03ee4535919db9179453d"},
    {file = "coverage-7.10.4-cp314-cp314t-musllinux_1_2_x86_64.whl", hash = "sha256:822c4c830989c2093527e92acd97be4638a44eb042b1bdc0e7a278d84a070bd3"},
    {file = "coverage-7.10.4-cp314-cp314t-win32.whl", hash = "sha256:e694d855dac2e7cf194ba33653e4ba7aad7267a802a7b3fc4347d0517d5d65cd"},
    {file = "coverage-7.10.4-cp314-cp314t-win_amd64.whl", hash = "sha256:efcc54b38ef7d5bfa98050f220b415bc5bb3d432bd6350a861cf6da0ede2cdcd"},
    {file = "coverage-7.10.4-cp314-cp314t-win_arm64.whl", hash = "sha256:6f3a3496c0fa26bfac4ebc458747b778cff201c8ae94fa05e1391bab0dbc473c"},
    {file = "coverage-7.10.4-cp39-cp39-macosx_10_9_x86_64.whl", hash = "sha256:48fd4d52600c2a9d5622e52dfae674a7845c5e1dceaf68b88c99feb511fbcfd6"},
    {file = "coverage-7.10.4-cp39-cp39-macosx_11_0_arm64.whl", hash = "sha256:56217b470d09d69e6b7dcae38200f95e389a77db801cb129101697a4553b18b6"},
    {file = "coverage-7.10.4-cp39-cp39-manylinux1_i686.manylinux_2_28_i686.manylinux_2_5_i686.whl", hash = "sha256:44ac3f21a6e28c5ff7f7a47bca5f87885f6a1e623e637899125ba47acd87334d"},
    {file = "coverage-7.10.4-cp39-cp39-manylinux1_x86_64.manylinux_2_28_x86_64.manylinux_2_5_x86_64.whl", hash = "sha256:3387739d72c84d17b4d2f7348749cac2e6700e7152026912b60998ee9a40066b"},
    {file = "coverage-7.10.4-cp39-cp39-manylinux2014_aarch64.manylinux_2_17_aarch64.manylinux_2_28_aarch64.whl", hash = "sha256:3f111ff20d9a6348e0125be892608e33408dd268f73b020940dfa8511ad05503"},
    {file = "coverage-7.10.4-cp39-cp39-musllinux_1_2_aarch64.whl", hash = "sha256:01a852f0a9859734b018a3f483cc962d0b381d48d350b1a0c47d618c73a0c398"},
    {file = "coverage-7.10.4-cp39-cp39-musllinux_1_2_i686.whl", hash = "sha256:225111dd06759ba4e37cee4c0b4f3df2b15c879e9e3c37bf986389300b9917c3"},
    {file = "coverage-7.10.4-cp39-cp39-musllinux_1_2_x86_64.whl", hash = "sha256:2178d4183bd1ba608f0bb12e71e55838ba1b7dbb730264f8b08de9f8ef0c27d0"},
    {file = "coverage-7.10.4-cp39-cp39-win32.whl", hash = "sha256:93d175fe81913aee7a6ea430abbdf2a79f1d9fd451610e12e334e4fe3264f563"},
    {file = "coverage-7.10.4-cp39-cp39-win_amd64.whl", hash = "sha256:2221a823404bb941c7721cf0ef55ac6ee5c25d905beb60c0bba5e5e85415d353"},
    {file = "coverage-7.10.4-py3-none-any.whl", hash = "sha256:065d75447228d05121e5c938ca8f0e91eed60a1eb2d1258d42d5084fecfc3302"},
    {file = "coverage-7.10.4.tar.gz", hash = "sha256:25f5130af6c8e7297fd14634955ba9e1697f47143f289e2a23284177c0061d27"},
]

[package.extras]
toml = ["tomli ; python_full_version <= \"3.11.0a6\""]

[[package]]
name = "dill"
version = "0.4.0"
description = "serialize all of Python"
optional = false
python-versions = ">=3.8"
groups = ["dev"]
files = [
    {file = "dill-0.4.0-py3-none-any.whl", hash = "sha256:44f54bf6412c2c8464c14e8243eb163690a9800dbe2c367330883b19c7561049"},
    {file = "dill-0.4.0.tar.gz", hash = "sha256:0633f1d2df477324f53a895b02c901fb961bdbf65a17122586ea7019292cbcf0"},
]

[package.extras]
graph = ["objgraph (>=1.7.2)"]
profile = ["gprof2dot (>=2022.7.29)"]

[[package]]
name = "iniconfig"
version = "2.1.0"
description = "brain-dead simple config-ini parsing"
optional = false
python-versions = ">=3.8"
groups = ["dev"]
files = [
    {file = "iniconfig-2.1.0-py3-none-any.whl", hash = "sha256:9deba5723312380e77435581c6bf4935c94cbfab9b1ed33ef8d238ea168eb760"},
    {file = "iniconfig-2.1.0.tar.gz", hash = "sha256:3abbd2e30b36733fee78f9c7f7308f2d0050e88f0087fd25c2645f63c773e1c7"},
]

[[package]]
name = "isort"
version = "6.0.1"
description = "A Python utility / library to sort Python imports."
optional = false
python-versions = ">=3.9.0"
groups = ["dev"]
files = [
    {file = "isort-6.0.1-py3-none-any.whl", hash = "sha256:2dc5d7f65c9678d94c88dfc29161a320eec67328bc97aad576874cb4be1e9615"},
    {file = "isort-6.0.1.tar.gz", hash = "sha256:1cb5df28dfbc742e490c5e41bad6da41b805b0a8be7bc93cd0fb2a8a890ac450"},
]

[package.extras]
colors = ["colorama"]
plugins = ["setuptools"]

[[package]]
name = "mccabe"
version = "0.7.0"
description = "McCabe checker, plugin for flake8"
optional = false
python-versions = ">=3.6"
groups = ["dev"]
files = [
    {file = "mccabe-0.7.0-py2.py3-none-any.whl", hash = "sha256:6c2d30ab6be0e4a46919781807b4f0d834ebdd6c6e3dca0bda5a15f863427b6e"},
    {file = "mccabe-0.7.0.tar.gz", hash = "sha256:348e0240c33b60bbdf4e523192ef919f28cb2c3d7d5c7794f74009290f236325"},
]

[[package]]
name = "mypy-extensions"
version = "1.1.0"
description = "Type system extensions for programs checked with the mypy type checker."
optional = false
python-versions = ">=3.8"
groups = ["dev"]
files = [
    {file = "mypy_extensions-1.1.0-py3-none-any.whl", hash = "sha256:1be4cccdb0f2482337c4743e60421de3a356cd97508abadd57d47403e94f5505"},
    {file = "mypy_extensions-1.1.0.tar.gz", hash = "sha256:52e68efc3284861e772bbcd66823fde5ae21fd2fdb51c62a211403730b916558"},
]

[[package]]
name = "numpy"
version = "2.3.2"
description = "Fundamental package for array computing in Python"
optional = false
python-versions = ">=3.11"
groups = ["main"]
files = [
    {file = "numpy-2.3.2-cp311-cp311-macosx_10_9_x86_64.whl", hash = "sha256:852ae5bed3478b92f093e30f785c98e0cb62fa0a939ed057c31716e18a7a22b9"},
    {file = "numpy-2.3.2-cp311-cp311-macosx_11_0_arm64.whl", hash = "sha256:7a0e27186e781a69959d0230dd9909b5e26024f8da10683bd6344baea1885168"},
    {file = "numpy-2.3.2-cp311-cp311-macosx_14_0_arm64.whl", hash = "sha256:f0a1a8476ad77a228e41619af2fa9505cf69df928e9aaa165746584ea17fed2b"},
    {file = "numpy-2.3.2-cp311-cp311-macosx_14_0_x86_64.whl", hash = "sha256:cbc95b3813920145032412f7e33d12080f11dc776262df1712e1638207dde9e8"},
    {file = "numpy-2.3.2-cp311-cp311-manylinux_2_27_aarch64.manylinux_2_28_aarch64.whl", hash = "sha256:f75018be4980a7324edc5930fe39aa391d5734531b1926968605416ff58c332d"},
    {file = "numpy-2.3.2-cp311-cp311-manylinux_2_27_x86_64.manylinux_2_28_x86_64.whl", hash = "sha256:20b8200721840f5621b7bd03f8dcd78de33ec522fc40dc2641aa09537df010c3"},
    {file = "numpy-2.3.2-cp311-cp311-musllinux_1_2_aarch64.whl", hash = "sha256:1f91e5c028504660d606340a084db4b216567ded1056ea2b4be4f9d10b67197f"},
    {file = "numpy-2.3.2-cp311-cp311-musllinux_1_2_x86_64.whl", hash = "sha256:fb1752a3bb9a3ad2d6b090b88a9a0ae1cd6f004ef95f75825e2f382c183b2097"},
    {file = "numpy-2.3.2-cp311-cp311-win32.whl", hash = "sha256:4ae6863868aaee2f57503c7a5052b3a2807cf7a3914475e637a0ecd366ced220"},
    {file = "numpy-2.3.2-cp311-cp311-win_amd64.whl", hash = "sha256:240259d6564f1c65424bcd10f435145a7644a65a6811cfc3201c4a429ba79170"},
    {file = "numpy-2.3.2-cp311-cp311-win_arm64.whl", hash = "sha256:4209f874d45f921bde2cff1ffcd8a3695f545ad2ffbef6d3d3c6768162efab89"},
    {file = "numpy-2.3.2-cp312-cp312-macosx_10_13_x86_64.whl", hash = "sha256:bc3186bea41fae9d8e90c2b4fb5f0a1f5a690682da79b92574d63f56b529080b"},
    {file = "numpy-2.3.2-cp312-cp312-macosx_11_0_arm64.whl", hash = "sha256:2f4f0215edb189048a3c03bd5b19345bdfa7b45a7a6f72ae5945d2a28272727f"},
    {file = "numpy-2.3.2-cp312-cp312-macosx_14_0_arm64.whl", hash = "sha256:8b1224a734cd509f70816455c3cffe13a4f599b1bf7130f913ba0e2c0b2006c0"},
    {file = "numpy-2.3.2-cp312-cp312-macosx_14_0_x86_64.whl", hash = "sha256:3dcf02866b977a38ba3ec10215220609ab9667378a9e2150615673f3ffd6c73b"},
    {file = "numpy-2.3.2-cp312-cp312-manylinux_2_27_aarch64.manylinux_2_28_aarch64.whl", hash = "sha256:572d5512df5470f50ada8d1972c5f1082d9a0b7aa5944db8084077570cf98370"},
    {file = "numpy-2.3.2-cp312-cp312-manylinux_2_27_x86_64.manylinux_2_28_x86_64.whl", hash = "sha256:8145dd6d10df13c559d1e4314df29695613575183fa2e2d11fac4c208c8a1f73"},
    {file = "numpy-2.3.2-cp312-cp312-musllinux_1_2_aarch64.whl", hash = "sha256:103ea7063fa624af04a791c39f97070bf93b96d7af7eb23530cd087dc8dbe9dc"},
    {file = "numpy-2.3.2-cp312-cp312-musllinux_1_2_x86_64.whl", hash = "sha256:fc927d7f289d14f5e037be917539620603294454130b6de200091e23d27dc9be"},
    {file = "numpy-2.3.2-cp312-cp312-win32.whl", hash = "sha256:d95f59afe7f808c103be692175008bab926b59309ade3e6d25009e9a171f7036"},
    {file = "numpy-2.3.2-cp312-cp312-win_amd64.whl", hash = "sha256:9e196ade2400c0c737d93465327d1ae7c06c7cb8a1756121ebf54b06ca183c7f"},
    {file = "numpy-2.3.2-cp312-cp312-win_arm64.whl", hash = "sha256:ee807923782faaf60d0d7331f5e86da7d5e3079e28b291973c545476c2b00d07"},
    {file = "numpy-2.3.2-cp313-cp313-macosx_10_13_x86_64.whl", hash = "sha256:c8d9727f5316a256425892b043736d63e89ed15bbfe6556c5ff4d9d4448ff3b3"},
    {file = "numpy-2.3.2-cp313-cp313-macosx_11_0_arm64.whl", hash = "sha256:efc81393f25f14d11c9d161e46e6ee348637c0a1e8a54bf9dedc472a3fae993b"},
    {file = "numpy-2.3.2-cp313-cp313-macosx_14_0_arm64.whl", hash = "sha256:dd937f088a2df683cbb79dda9a772b62a3e5a8a7e76690612c2737f38c6ef1b6"},
    {file = "numpy-2.3.2-cp313-cp313-macosx_14_0_x86_64.whl", hash = "sha256:11e58218c0c46c80509186e460d79fbdc9ca1eb8d8aee39d8f2dc768eb781089"},
    {file = "numpy-2.3.2-cp313-cp313-manylinux_2_27_aarch64.manylinux_2_28_aarch64.whl", hash = "sha256:5ad4ebcb683a1f99f4f392cc522ee20a18b2bb12a2c1c42c3d48d5a1adc9d3d2"},
    {file = "numpy-2.3.2-cp313-cp313-manylinux_2_27_x86_64.manylinux_2_28_x86_64.whl", hash = "sha256:938065908d1d869c7d75d8ec45f735a034771c6ea07088867f713d1cd3bbbe4f"},
    {file = "numpy-2.3.2-cp313-cp313-musllinux_1_2_aarch64.whl", hash = "sha256:66459dccc65d8ec98cc7df61307b64bf9e08101f9598755d42d8ae65d9a7a6ee"},
    {file = "numpy-2.3.2-cp313-cp313-musllinux_1_2_x86_64.whl", hash = "sha256:a7af9ed2aa9ec5950daf05bb11abc4076a108bd3c7db9aa7251d5f107079b6a6"},
    {file = "numpy-2.3.2-cp313-cp313-win32.whl", hash = "sha256:906a30249315f9c8e17b085cc5f87d3f369b35fedd0051d4a84686967bdbbd0b"},
    {file = "numpy-2.3.2-cp313-cp313-win_amd64.whl", hash = "sha256:c63d95dc9d67b676e9108fe0d2182987ccb0f11933c1e8959f42fa0da8d4fa56"},
    {file = "numpy-2.3.2-cp313-cp313-win_arm64.whl", hash = "sha256:b05a89f2fb84d21235f93de47129dd4f11c16f64c87c33f5e284e6a3a54e43f2"},
    {file = "numpy-2.3.2-cp313-cp313t-macosx_10_13_x86_64.whl", hash = "sha256:4e6ecfeddfa83b02318f4d84acf15fbdbf9ded18e46989a15a8b6995dfbf85ab"},
    {file = "numpy-2.3.2-cp313-cp313t-macosx_11_0_arm64.whl", hash = "sha256:508b0eada3eded10a3b55725b40806a4b855961040180028f52580c4729916a2"},
    {file = "numpy-2.3.2-cp313-cp313t-macosx_14_0_arm64.whl", hash = "sha256:754d6755d9a7588bdc6ac47dc4ee97867271b17cee39cb87aef079574366db0a"},
    {file = "numpy-2.3.2-cp313-cp313t-macosx_14_0_x86_64.whl", hash = "sha256:a9f66e7d2b2d7712410d3bc5684149040ef5f19856f20277cd17ea83e5006286"},
    {file = "numpy-2.3.2-cp313-cp313t-manylinux_2_27_aarch64.manylinux_2_28_aarch64.whl", hash = "sha256:de6ea4e5a65d5a90c7d286ddff2b87f3f4ad61faa3db8dabe936b34c2275b6f8"},
    {file = "numpy-2.3.2-cp313-cp313t-manylinux_2_27_x86_64.manylinux_2_28_x86_64.whl", hash = "sha256:a3ef07ec8cbc8fc9e369c8dcd52019510c12da4de81367d8b20bc692aa07573a"},
    {file = "numpy-2.3.2-cp313-cp313t-musllinux_1_2_aarch64.whl", hash = "sha256:27c9f90e7481275c7800dc9c24b7cc40ace3fdb970ae4d21eaff983a32f70c91"},
    {file = "numpy-2.3.2-cp313-cp313t-musllinux_1_2_x86_64.whl", hash = "sha256:07b62978075b67eee4065b166d000d457c82a1efe726cce608b9db9dd66a73a5"},
    {file = "numpy-2.3.2-cp313-cp313t-win32.whl", hash = "sha256:c771cfac34a4f2c0de8e8c97312d07d64fd8f8ed45bc9f5726a7e947270152b5"},
    {file = "numpy-2.3.2-cp313-cp313t-win_amd64.whl", hash = "sha256:72dbebb2dcc8305c431b2836bcc66af967df91be793d63a24e3d9b741374c450"},
    {file = "numpy-2.3.2-cp313-cp313t-win_arm64.whl", hash = "sha256:72c6df2267e926a6d5286b0a6d556ebe49eae261062059317837fda12ddf0c1a"},
    {file = "numpy-2.3.2-cp314-cp314-macosx_10_13_x86_64.whl", hash = "sha256:448a66d052d0cf14ce9865d159bfc403282c9bc7bb2a31b03cc18b651eca8b1a"},
    {file = "numpy-2.3.2-cp314-cp314-macosx_11_0_arm64.whl", hash = "sha256:546aaf78e81b4081b2eba1d105c3b34064783027a06b3ab20b6eba21fb64132b"},
    {file = "numpy-2.3.2-cp314-cp314-macosx_14_0_arm64.whl", hash = "sha256:87c930d52f45df092f7578889711a0768094debf73cfcde105e2d66954358125"},
    {file = "numpy-2.3.2-cp314-cp314-macosx_14_0_x86_64.whl", hash = "sha256:8dc082ea901a62edb8f59713c6a7e28a85daddcb67454c839de57656478f5b19"},
    {file = "numpy-2.3.2-cp314-cp314-manylinux_2_27_aarch64.manylinux_2_28_aarch64.whl", hash = "sha256:af58de8745f7fa9ca1c0c7c943616c6fe28e75d0c81f5c295810e3c83b5be92f"},
    {file = "numpy-2.3.2-cp314-cp314-manylinux_2_27_x86_64.manylinux_2_28_x86_64.whl", hash = "sha256:fed5527c4cf10f16c6d0b6bee1f89958bccb0ad2522c8cadc2efd318bcd545f5"},
    {file = "numpy-2.3.2-cp314-cp314-musllinux_1_2_aarch64.whl", hash = "sha256:095737ed986e00393ec18ec0b21b47c22889ae4b0cd2d5e88342e08b01141f58"},
    {file = "numpy-2.3.2-cp314-cp314-musllinux_1_2_x86_64.whl", hash = "sha256:b5e40e80299607f597e1a8a247ff8d71d79c5b52baa11cc1cce30aa92d2da6e0"},
    {file = "numpy-2.3.2-cp314-cp314-win32.whl", hash = "sha256:7d6e390423cc1f76e1b8108c9b6889d20a7a1f59d9a60cac4a050fa734d6c1e2"},
    {file = "numpy-2.3.2-cp314-cp314-win_amd64.whl", hash = "sha256:b9d0878b21e3918d76d2209c924ebb272340da1fb51abc00f986c258cd5e957b"},
    {file = "numpy-2.3.2-cp314-cp314-win_arm64.whl", hash = "sha256:2738534837c6a1d0c39340a190177d7d66fdf432894f469728da901f8f6dc910"},
    {file = "numpy-2.3.2-cp314-cp314t-macosx_10_13_x86_64.whl", hash = "sha256:4d002ecf7c9b53240be3bb69d80f86ddbd34078bae04d87be81c1f58466f264e"},
    {file = "numpy-2.3.2-cp314-cp314t-macosx_11_0_arm64.whl", hash = "sha256:293b2192c6bcce487dbc6326de5853787f870aeb6c43f8f9c6496db5b1781e45"},
    {file = "numpy-2.3.2-cp314-cp314t-macosx_14_0_arm64.whl", hash = "sha256:0a4f2021a6da53a0d580d6ef5db29947025ae8b35b3250141805ea9a32bbe86b"},
    {file = "numpy-2.3.2-cp314-cp314t-macosx_14_0_x86_64.whl", hash = "sha256:9c144440db4bf3bb6372d2c3e49834cc0ff7bb4c24975ab33e01199e645416f2"},
    {file = "numpy-2.3.2-cp314-cp314t-manylinux_2_27_aarch64.manylinux_2_28_aarch64.whl", hash = "sha256:f92d6c2a8535dc4fe4419562294ff957f83a16ebdec66df0805e473ffaad8bd0"},
    {file = "numpy-2.3.2-cp314-cp314t-manylinux_2_27_x86_64.manylinux_2_28_x86_64.whl", hash = "sha256:cefc2219baa48e468e3db7e706305fcd0c095534a192a08f31e98d83a7d45fb0"},
    {file = "numpy-2.3.2-cp314-cp314t-musllinux_1_2_aarch64.whl", hash = "sha256:76c3e9501ceb50b2ff3824c3589d5d1ab4ac857b0ee3f8f49629d0de55ecf7c2"},
    {file = "numpy-2.3.2-cp314-cp314t-musllinux_1_2_x86_64.whl", hash = "sha256:122bf5ed9a0221b3419672493878ba4967121514b1d7d4656a7580cd11dddcbf"},
    {file = "numpy-2.3.2-cp314-cp314t-win32.whl", hash = "sha256:6f1ae3dcb840edccc45af496f312528c15b1f79ac318169d094e85e4bb35fdf1"},
    {file = "numpy-2.3.2-cp314-cp314t-win_amd64.whl", hash = "sha256:087ffc25890d89a43536f75c5fe8770922008758e8eeeef61733957041ed2f9b"},
    {file = "numpy-2.3.2-cp314-cp314t-win_arm64.whl", hash = "sha256:092aeb3449833ea9c0bf0089d70c29ae480685dd2377ec9cdbbb620257f84631"},
    {file = "numpy-2.3.2-pp311-pypy311_pp73-macosx_10_15_x86_64.whl", hash = "sha256:14a91ebac98813a49bc6aa1a0dfc09513dcec1d97eaf31ca21a87221a1cdcb15"},
    {file = "numpy-2.3.2-pp311-pypy311_pp73-macosx_11_0_arm64.whl", hash = "sha256:71669b5daae692189540cffc4c439468d35a3f84f0c88b078ecd94337f6cb0ec"},
    {file = "numpy-2.3.2-pp311-pypy311_pp73-macosx_14_0_arm64.whl", hash = "sha256:69779198d9caee6e547adb933941ed7520f896fd9656834c300bdf4dd8642712"},
    {file = "numpy-2.3.2-pp311-pypy311_pp73-macosx_14_0_x86_64.whl", hash = "sha256:2c3271cc4097beb5a60f010bcc1cc204b300bb3eafb4399376418a83a1c6373c"},
    {file = "numpy-2.3.2-pp311-pypy311_pp73-manylinux_2_27_aarch64.manylinux_2_28_aarch64.whl", hash = "sha256:8446acd11fe3dc1830568c941d44449fd5cb83068e5c70bd5a470d323d448296"},
    {file = "numpy-2.3.2-pp311-pypy311_pp73-manylinux_2_27_x86_64.manylinux_2_28_x86_64.whl", hash = "sha256:aa098a5ab53fa407fded5870865c6275a5cd4101cfdef8d6fafc48286a96e981"},
    {file = "numpy-2.3.2-pp311-pypy311_pp73-win_amd64.whl", hash = "sha256:6936aff90dda378c09bea075af0d9c675fe3a977a9d2402f95a87f440f59f619"},
    {file = "numpy-2.3.2.tar.gz", hash = "sha256:e0486a11ec30cdecb53f184d496d1c6a20786c81e55e41640270130056f8ee48"},
]

[[package]]
name = "packaging"
version = "25.0"
description = "Core utilities for Python packages"
optional = false
python-versions = ">=3.8"
groups = ["dev"]
files = [
    {file = "packaging-25.0-py3-none-any.whl", hash = "sha256:29572ef2b1f17581046b3a2227d5c611fb25ec70ca1ba8554b24b0e69331a484"},
    {file = "packaging-25.0.tar.gz", hash = "sha256:d443872c98d677bf60f6a1f2f8c1cb748e8fe762d2bf9d3148b5599295b0fc4f"},
]

[[package]]
name = "pathspec"
version = "0.12.1"
description = "Utility library for gitignore style pattern matching of file paths."
optional = false
python-versions = ">=3.8"
groups = ["dev"]
files = [
    {file = "pathspec-0.12.1-py3-none-any.whl", hash = "sha256:a0d503e138a4c123b27490a4f7beda6a01c6f288df0e4a8b79c7eb0dc7b4cc08"},
    {file = "pathspec-0.12.1.tar.gz", hash = "sha256:a482d51503a1ab33b1c67a6c3813a26953dbdc71c31dacaef9a838c4e29f5712"},
]

[[package]]
name = "platformdirs"
version = "4.3.8"
description = "A small Python package for determining appropriate platform-specific dirs, e.g. a `user data dir`."
optional = false
python-versions = ">=3.9"
groups = ["dev"]
files = [
    {file = "platformdirs-4.3.8-py3-none-any.whl", hash = "sha256:ff7059bb7eb1179e2685604f4aaf157cfd9535242bd23742eadc3c13542139b4"},
    {file = "platformdirs-4.3.8.tar.gz", hash = "sha256:3d512d96e16bcb959a814c9f348431070822a6496326a4be0911c40b5a74c2bc"},
]

[package.extras]
docs = ["furo (>=2024.8.6)", "proselint (>=0.14)", "sphinx (>=8.1.3)", "sphinx-autodoc-typehints (>=3)"]
test = ["appdirs (==1.4.4)", "covdefaults (>=2.3)", "pytest (>=8.3.4)", "pytest-cov (>=6)", "pytest-mock (>=3.14)"]
type = ["mypy (>=1.14.1)"]

[[package]]
name = "pluggy"
version = "1.6.0"
description = "plugin and hook calling mechanisms for python"
optional = false
python-versions = ">=3.9"
groups = ["dev"]
files = [
    {file = "pluggy-1.6.0-py3-none-any.whl", hash = "sha256:e920276dd6813095e9377c0bc5566d94c932c33b27a3e3945d8389c374dd4746"},
    {file = "pluggy-1.6.0.tar.gz", hash = "sha256:7dcc130b76258d33b90f61b658791dede3486c3e6bfb003ee5c9bfb396dd22f3"},
]

[package.extras]
dev = ["pre-commit", "tox"]
testing = ["coverage", "pytest", "pytest-benchmark"]

[[package]]
name = "pycairo"
version = "1.28.0"
description = "Python interface for cairo"
optional = false
python-versions = ">=3.9"
groups = ["main"]
files = [
    {file = "pycairo-1.28.0-cp310-cp310-win32.whl", hash = "sha256:53e6dbc98456f789965dad49ef89ce2c62f9a10fc96c8d084e14da0ffb73d8a6"},
    {file = "pycairo-1.28.0-cp310-cp310-win_amd64.whl", hash = "sha256:c8ab91a75025f984bc327ada335c787efb61c929ea0512063793cb36cee503d4"},
    {file = "pycairo-1.28.0-cp310-cp310-win_arm64.whl", hash = "sha256:e955328c1a5147bf71ee94e206413ce15e12630296a79788fcd246c80e5337b8"},
    {file = "pycairo-1.28.0-cp311-cp311-win32.whl", hash = "sha256:0fee15f5d72b13ba5fd065860312493dc1bca6ff2dce200ee9d704e11c94e60a"},
    {file = "pycairo-1.28.0-cp311-cp311-win_amd64.whl", hash = "sha256:6339979bfec8b58a06476094a9a5c104bd5a99932ddaff16ca0d9203d2f4482c"},
    {file = "pycairo-1.28.0-cp311-cp311-win_arm64.whl", hash = "sha256:c6ae15392e28ebfc0b35d8dc05d395d3b6be4bad9ad4caecf0fa12c8e7150225"},
    {file = "pycairo-1.28.0-cp312-cp312-win32.whl", hash = "sha256:c00cfbb7f30eb7ca1d48886712932e2d91e8835a8496f4e423878296ceba573e"},
    {file = "pycairo-1.28.0-cp312-cp312-win_amd64.whl", hash = "sha256:d50d190f5033992b55050b9f337ee42a45c3568445d5e5d7987bab96c278d8a6"},
    {file = "pycairo-1.28.0-cp312-cp312-win_arm64.whl", hash = "sha256:957e0340ee1c279d197d4f7cfa96f6d8b48e453eec711fca999748d752468ff4"},
    {file = "pycairo-1.28.0-cp313-cp313-win32.whl", hash = "sha256:d13352429d8a08a1cb3607767d23d2fb32e4c4f9faa642155383980ec1478c24"},
    {file = "pycairo-1.28.0-cp313-cp313-win_amd64.whl", hash = "sha256:082aef6b3a9dcc328fa648d38ed6b0a31c863e903ead57dd184b2e5f86790140"},
    {file = "pycairo-1.28.0-cp313-cp313-win_arm64.whl", hash = "sha256:026afd53b75291917a7412d9fe46dcfbaa0c028febd46ff1132d44a53ac2c8b6"},
    {file = "pycairo-1.28.0-cp39-cp39-win32.whl", hash = "sha256:3ed16d48b8a79cc584cb1cb0ad62dfb265f2dda6d6a19ef5aab181693e19c83c"},
    {file = "pycairo-1.28.0-cp39-cp39-win_amd64.whl", hash = "sha256:da0d1e6d4842eed4d52779222c6e43d254244a486ca9fdab14e30042fd5bdf28"},
    {file = "pycairo-1.28.0-cp39-cp39-win_arm64.whl", hash = "sha256:458877513eb2125513122e8aa9c938630e94bb0574f94f4fb5ab55eb23d6e9ac"},
    {file = "pycairo-1.28.0.tar.gz", hash = "sha256:26ec5c6126781eb167089a123919f87baa2740da2cca9098be8b3a6b91cc5fbc"},
]

[[package]]
name = "pygments"
version = "2.19.2"
description = "Pygments is a syntax highlighting package written in Python."
optional = false
python-versions = ">=3.8"
groups = ["dev"]
files = [
    {file = "pygments-2.19.2-py3-none-any.whl", hash = "sha256:86540386c03d588bb81d44bc3928634ff26449851e99741617ecb9037ee5ec0b"},
    {file = "pygments-2.19.2.tar.gz", hash = "sha256:636cb2477cec7f8952536970bc533bc43743542f70392ae026374600add5b887"},
]

[package.extras]
windows-terminal = ["colorama (>=0.4.6)"]

[[package]]
name = "pygobject"
version = "3.52.3"
description = "Python bindings for GObject Introspection"
optional = false
python-versions = "<4.0,>=3.9"
groups = ["main"]
files = [
    {file = "pygobject-3.52.3.tar.gz", hash = "sha256:00e427d291e957462a8fad659a9f9c8be776ff82a8b76bdf402f1eaeec086d82"},
]

[package.dependencies]
pycairo = ">=1.16"

[[package]]
name = "pylint"
version = "3.3.8"
description = "python code static checker"
optional = false
python-versions = ">=3.9.0"
groups = ["dev"]
files = [
    {file = "pylint-3.3.8-py3-none-any.whl", hash = "sha256:7ef94aa692a600e82fabdd17102b73fc226758218c97473c7ad67bd4cb905d83"},
    {file = "pylint-3.3.8.tar.gz", hash = "sha256:26698de19941363037e2937d3db9ed94fb3303fdadf7d98847875345a8bb6b05"},
]

[package.dependencies]
astroid = ">=3.3.8,<=3.4.0.dev0"
colorama = {version = ">=0.4.5", markers = "sys_platform == \"win32\""}
dill = {version = ">=0.3.7", markers = "python_version >= \"3.12\""}
isort = ">=4.2.5,<5.13 || >5.13,<7"
mccabe = ">=0.6,<0.8"
platformdirs = ">=2.2"
tomlkit = ">=0.10.1"

[package.extras]
spelling = ["pyenchant (>=3.2,<4.0)"]
testutils = ["gitpython (>3)"]

[[package]]
name = "pytest"
version = "8.4.1"
description = "pytest: simple powerful testing with Python"
optional = false
python-versions = ">=3.9"
groups = ["dev"]
files = [
    {file = "pytest-8.4.1-py3-none-any.whl", hash = "sha256:539c70ba6fcead8e78eebbf1115e8b589e7565830d7d006a8723f19ac8a0afb7"},
    {file = "pytest-8.4.1.tar.gz", hash = "sha256:7c67fd69174877359ed9371ec3af8a3d2b04741818c51e5e99cc1742251fa93c"},
]

[package.dependencies]
colorama = {version = ">=0.4", markers = "sys_platform == \"win32\""}
iniconfig = ">=1"
packaging = ">=20"
pluggy = ">=1.5,<2"
pygments = ">=2.7.2"

[package.extras]
dev = ["argcomplete", "attrs (>=19.2)", "hypothesis (>=3.56)", "mock", "requests", "setuptools", "xmlschema"]

[[package]]
name = "pytest-cov"
version = "6.2.1"
description = "Pytest plugin for measuring coverage."
optional = false
python-versions = ">=3.9"
groups = ["dev"]
files = [
    {file = "pytest_cov-6.2.1-py3-none-any.whl", hash = "sha256:f5bc4c23f42f1cdd23c70b1dab1bbaef4fc505ba950d53e0081d0730dd7e86d5"},
    {file = "pytest_cov-6.2.1.tar.gz", hash = "sha256:25cc6cc0a5358204b8108ecedc51a9b57b34cc6b8c967cc2c01a4e00d8a67da2"},
]

[package.dependencies]
coverage = {version = ">=7.5", extras = ["toml"]}
pluggy = ">=1.2"
pytest = ">=6.2.5"

[package.extras]
testing = ["fields", "hunter", "process-tests", "pytest-xdist", "virtualenv"]

[[package]]
name = "pytest-mock"
version = "3.14.1"
description = "Thin-wrapper around the mock package for easier use with pytest"
optional = false
python-versions = ">=3.8"
groups = ["dev"]
files = [
    {file = "pytest_mock-3.14.1-py3-none-any.whl", hash = "sha256:178aefcd11307d874b4cd3100344e7e2d888d9791a6a1d9bfe90fbc1b74fd1d0"},
    {file = "pytest_mock-3.14.1.tar.gz", hash = "sha256:159e9edac4c451ce77a5cdb9fc5d1100708d2dd4ba3c3df572f14097351af80e"},
]

[package.dependencies]
pytest = ">=6.2.5"

[package.extras]
dev = ["pre-commit", "pytest-asyncio", "tox"]

[[package]]
name = "tomlkit"
version = "0.13.3"
description = "Style preserving TOML library"
optional = false
python-versions = ">=3.8"
groups = ["dev"]
files = [
    {file = "tomlkit-0.13.3-py3-none-any.whl", hash = "sha256:c89c649d79ee40629a9fda55f8ace8c6a1b42deb912b2a8fd8d942ddadb606b0"},
    {file = "tomlkit-0.13.3.tar.gz", hash = "sha256:430cf247ee57df2b94ee3fbe588e71d362a941ebb545dec29b53961d61add2a1"},
]

[metadata]
lock-version = "2.1"
python-versions = "^3.12"
content-hash = "0de60dd4d7aa4dc95a7ff21193c45014635032f764ceef8cfa7faf8a12b73726"
